
Microsoft Visual Studio Solution File, Format Version 12.00
Project("{FAE04EC0-301F-11D3-BF4B-00C04F79EFBC}") = "GraduateProject.WebApi", "GraduateProject.WebApi\GraduateProject.WebApi.csproj", "{A4A15D4B-5F04-4205-993B-B8158A0A2906}"
EndProject
Project("{FAE04EC0-301F-11D3-BF4B-00C04F79EFBC}") = "GraduateProject.Application", "GraduateProject.Application\GraduateProject.Application.csproj", "{1A32A013-1167-4564-8839-BFAE5EA5BBB6}"
EndProject
Project("{FAE04EC0-301F-11D3-BF4B-00C04F79EFBC}") = "GraduateProject.Infrastructure", "GraduateProject.Infrastructure\GraduateProject.Infrastructure.csproj", "{1D093173-65C0-40C3-9347-71817AEEEDF3}"
EndProject
Project("{FAE04EC0-301F-11D3-BF4B-00C04F79EFBC}") = "GraduateProject.Domain", "GraduateProject.Domain\GraduateProject.Domain.csproj", "{26978E5D-DC1C-4DC8-81EC-8C7AF05F1100}"
EndProject
Project("{FAE04EC0-301F-11D3-BF4B-00C04F79EFBC}") = "GraduateProject.Migrator", "GraduateProject.Migrator\GraduateProject.Migrator.csproj", "{B87B455B-1244-47F6-8607-7C21B93D095D}"
EndProject
Global
	GlobalSection(SolutionConfigurationPlatforms) = preSolution
		Debug|Any CPU = Debug|Any CPU
		Release|Any CPU = Release|Any CPU
	EndGlobalSection
	GlobalSection(ProjectConfigurationPlatforms) = postSolution
		{A4A15D4B-5F04-4205-993B-B8158A0A2906}.Debug|Any CPU.ActiveCfg = Debug|Any CPU
		{A4A15D4B-5F04-4205-993B-B8158A0A2906}.Debug|Any CPU.Build.0 = Debug|Any CPU
		{A4A15D4B-5F04-4205-993B-B8158A0A2906}.Release|Any CPU.ActiveCfg = Release|Any CPU
		{A4A15D4B-5F04-4205-993B-B8158A0A2906}.Release|Any CPU.Build.0 = Release|Any CPU
		{1A32A013-1167-4564-8839-BFAE5EA5BBB6}.Debug|Any CPU.ActiveCfg = Debug|Any CPU
		{1A32A013-1167-4564-8839-BFAE5EA5BBB6}.Debug|Any CPU.Build.0 = Debug|Any CPU
		{1A32A013-1167-4564-8839-BFAE5EA5BBB6}.Release|Any CPU.ActiveCfg = Release|Any CPU
		{1A32A013-1167-4564-8839-BFAE5EA5BBB6}.Release|Any CPU.Build.0 = Release|Any CPU
		{1D093173-65C0-40C3-9347-71817AEEEDF3}.Debug|Any CPU.ActiveCfg = Debug|Any CPU
		{1D093173-65C0-40C3-9347-71817AEEEDF3}.Debug|Any CPU.Build.0 = Debug|Any CPU
		{1D093173-65C0-40C3-9347-71817AEEEDF3}.Release|Any CPU.ActiveCfg = Release|Any CPU
		{1D093173-65C0-40C3-9347-71817AEEEDF3}.Release|Any CPU.Build.0 = Release|Any CPU
		{26978E5D-DC1C-4DC8-81EC-8C7AF05F1100}.Debug|Any CPU.ActiveCfg = Debug|Any CPU
		{26978E5D-DC1C-4DC8-81EC-8C7AF05F1100}.Debug|Any CPU.Build.0 = Debug|Any CPU
		{26978E5D-DC1C-4DC8-81EC-8C7AF05F1100}.Release|Any CPU.ActiveCfg = Release|Any CPU
		{26978E5D-DC1C-4DC8-81EC-8C7AF05F1100}.Release|Any CPU.Build.0 = Release|Any CPU
		{B87B455B-1244-47F6-8607-7C21B93D095D}.Debug|Any CPU.ActiveCfg = Debug|Any CPU
		{B87B455B-1244-47F6-8607-7C21B93D095D}.Debug|Any CPU.Build.0 = Debug|Any CPU
		{B87B455B-1244-47F6-8607-7C21B93D095D}.Release|Any CPU.ActiveCfg = Release|Any CPU
		{B87B455B-1244-47F6-8607-7C21B93D095D}.Release|Any CPU.Build.0 = Release|Any CPU
	EndGlobalSection
EndGlobal
